
Microsoft Visual Studio Solution File, Format Version 12.00
# Visual Studio 15
VisualStudioVersion = 15.0.27703.2035
MinimumVisualStudioVersion = 10.0.40219.1
Project("{FAE04EC0-301F-11D3-BF4B-00C04F79EFBC}") = "Algorithms", "Algorithms\Algorithms.csproj", "{89B3F791-A6CB-4ACE-A8E3-662DB00D13FF}"
EndProject
Global
	GlobalSection(SolutionConfigurationPlatforms) = preSolution
		Debug|Any CPU = Debug|Any CPU
		Release|Any CPU = Release|Any CPU
	EndGlobalSection
	GlobalSection(ProjectConfigurationPlatforms) = postSolution
		{89B3F791-A6CB-4ACE-A8E3-662DB00D13FF}.Debug|Any CPU.ActiveCfg = Debug|Any CPU
		{89B3F791-A6CB-4ACE-A8E3-662DB00D13FF}.Debug|Any CPU.Build.0 = Debug|Any CPU
		{89B3F791-A6CB-4ACE-A8E3-662DB00D13FF}.Release|Any CPU.ActiveCfg = Release|Any CPU
		{89B3F791-A6CB-4ACE-A8E3-662DB00D13FF}.Release|Any CPU.Build.0 = Release|Any CPU
	EndGlobalSection
	GlobalSection(SolutionProperties) = preSolution
		HideSolutionNode = FALSE
	EndGlobalSection
	GlobalSection(ExtensibilityGlobals) = postSolution
		SolutionGuid = {4BB4212F-F04C-49E0-B475-A484CFDEB038}
	EndGlobalSection
EndGlobal
