
Microsoft Visual Studio Solution File, Format Version 12.00
# Visual Studio 15
VisualStudioVersion = 15.0.27130.2026
MinimumVisualStudioVersion = 10.0.40219.1
Project("{FAE04EC0-301F-11D3-BF4B-00C04F79EFBC}") = "Calculator", "Calculator\Calculator.csproj", "{C06A1C4F-832A-41EA-82E8-30AA02F8AE7D}"
EndProject
Global
	GlobalSection(SolutionConfigurationPlatforms) = preSolution
		Debug|Any CPU = Debug|Any CPU
		Release|Any CPU = Release|Any CPU
	EndGlobalSection
	GlobalSection(ProjectConfigurationPlatforms) = postSolution
		{C06A1C4F-832A-41EA-82E8-30AA02F8AE7D}.Debug|Any CPU.ActiveCfg = Debug|Any CPU
		{C06A1C4F-832A-41EA-82E8-30AA02F8AE7D}.Debug|Any CPU.Build.0 = Debug|Any CPU
		{C06A1C4F-832A-41EA-82E8-30AA02F8AE7D}.Release|Any CPU.ActiveCfg = Release|Any CPU
		{C06A1C4F-832A-41EA-82E8-30AA02F8AE7D}.Release|Any CPU.Build.0 = Release|Any CPU
	EndGlobalSection
	GlobalSection(SolutionProperties) = preSolution
		HideSolutionNode = FALSE
	EndGlobalSection
	GlobalSection(ExtensibilityGlobals) = postSolution
		SolutionGuid = {5E6E0950-CD42-4565-93EC-1AFD824B6DC2}
	EndGlobalSection
EndGlobal
