
Microsoft Visual Studio Solution File, Format Version 12.00
# Visual Studio Version 17
VisualStudioVersion = 17.2.32616.157
MinimumVisualStudioVersion = 10.0.40219.1
Project("{2150E333-8FDC-42A3-9474-1A3956D46DE8}") = "WebApi", "WebApi", "{ED26223C-1846-4F2A-9B08-4EA52CFF0D2D}"
EndProject
Project("{9A19103F-16F7-4668-BE54-9A1E7A4F7556}") = "GamingApi.WebApi", "src\WebApi\GamingApi.WebApi.csproj", "{76512D03-5309-4B27-9905-DF401CDC9571}"
EndProject
Global
	GlobalSection(SolutionConfigurationPlatforms) = preSolution
		Debug|Any CPU = Debug|Any CPU
		Release|Any CPU = Release|Any CPU
	EndGlobalSection
	GlobalSection(ProjectConfigurationPlatforms) = postSolution
		{76512D03-5309-4B27-9905-DF401CDC9571}.Debug|Any CPU.ActiveCfg = Debug|Any CPU
		{76512D03-5309-4B27-9905-DF401CDC9571}.Debug|Any CPU.Build.0 = Debug|Any CPU
		{76512D03-5309-4B27-9905-DF401CDC9571}.Release|Any CPU.ActiveCfg = Release|Any CPU
		{76512D03-5309-4B27-9905-DF401CDC9571}.Release|Any CPU.Build.0 = Release|Any CPU
	EndGlobalSection
	GlobalSection(SolutionProperties) = preSolution
		HideSolutionNode = FALSE
	EndGlobalSection
	GlobalSection(NestedProjects) = preSolution
		{76512D03-5309-4B27-9905-DF401CDC9571} = {ED26223C-1846-4F2A-9B08-4EA52CFF0D2D}
	EndGlobalSection
	GlobalSection(ExtensibilityGlobals) = postSolution
		SolutionGuid = {36807232-C9CF-4831-9C6D-66BF2C039466}
	EndGlobalSection
EndGlobal
