
Microsoft Visual Studio Solution File, Format Version 12.00
# Visual Studio 15
VisualStudioVersion = 15.0.27130.2024
MinimumVisualStudioVersion = 10.0.40219.1
Project("{FAE04EC0-301F-11D3-BF4B-00C04F79EFBC}") = "HelloWorld", "HelloWorld\HelloWorld.csproj", "{3112F858-B93D-4FF0-A6DC-11DDA93CAD01}"
EndProject
Global
	GlobalSection(SolutionConfigurationPlatforms) = preSolution
		Debug|Any CPU = Debug|Any CPU
		Release|Any CPU = Release|Any CPU
	EndGlobalSection
	GlobalSection(ProjectConfigurationPlatforms) = postSolution
		{3112F858-B93D-4FF0-A6DC-11DDA93CAD01}.Debug|Any CPU.ActiveCfg = Debug|Any CPU
		{3112F858-B93D-4FF0-A6DC-11DDA93CAD01}.Debug|Any CPU.Build.0 = Debug|Any CPU
		{3112F858-B93D-4FF0-A6DC-11DDA93CAD01}.Release|Any CPU.ActiveCfg = Release|Any CPU
		{3112F858-B93D-4FF0-A6DC-11DDA93CAD01}.Release|Any CPU.Build.0 = Release|Any CPU
	EndGlobalSection
	GlobalSection(SolutionProperties) = preSolution
		HideSolutionNode = FALSE
	EndGlobalSection
	GlobalSection(ExtensibilityGlobals) = postSolution
		SolutionGuid = {30E6F8D5-4517-408D-AB4F-5A821A1AF796}
	EndGlobalSection
EndGlobal
