
Microsoft Visual Studio Solution File, Format Version 12.00
# Visual Studio Version 17
VisualStudioVersion = 17.5.33530.505
MinimumVisualStudioVersion = 10.0.40219.1
Project("{2150E333-8FDC-42A3-9474-1A3956D46DE8}") = "Web", "Web", "{740C8B4A-B5B1-47D8-B965-F171A42E5F35}"
	ProjectSection(SolutionItems) = preProject
		src\Web\.gitkeep = src\Web\.gitkeep
	EndProjectSection
EndProject
Project("{2150E333-8FDC-42A3-9474-1A3956D46DE8}") = "Services", "Services", "{42663281-7E6B-4833-A880-49FBECC153BD}"
EndProject
Project("{2150E333-8FDC-42A3-9474-1A3956D46DE8}") = "ApiGateways", "ApiGateways", "{7DBB61CA-CFF9-4915-AD0C-FE54CFF85568}"
	ProjectSection(SolutionItems) = preProject
		src\ApiGateways\.gitkeep = src\ApiGateways\.gitkeep
	EndProjectSection
EndProject
Project("{2150E333-8FDC-42A3-9474-1A3956D46DE8}") = "Solution Items", "Solution Items", "{A9610E63-ECDD-43A5-A2EC-25988A5C677D}"
	ProjectSection(SolutionItems) = preProject
		.dockerignore = .dockerignore
		.editorconfig = .editorconfig
		..\..\LICENSE = ..\..\LICENSE
		README.md = README.md
	EndProjectSection
EndProject
Project("{2150E333-8FDC-42A3-9474-1A3956D46DE8}") = "src", "src", "{A1BC85D8-99EE-41B3-9B1A-3E5C4F4580D0}"
EndProject
Project("{2150E333-8FDC-42A3-9474-1A3956D46DE8}") = "Catalog", "Catalog", "{45E592F8-E547-4726-BEC5-A9630B0E4016}"
	ProjectSection(SolutionItems) = preProject
		src\Services\Catalog\README.md = src\Services\Catalog\README.md
	EndProjectSection
EndProject
Project("{9A19103F-16F7-4668-BE54-9A1E7A4F7556}") = "eShop.Catalog.Api", "src\Services\Catalog\eShop.Catalog.Api\eShop.Catalog.Api.csproj", "{CA804CAA-BE33-4B12-ABFA-7E0355836EA6}"
EndProject
Project("{2150E333-8FDC-42A3-9474-1A3956D46DE8}") = "tests", "tests", "{D0B96377-8B1A-4AE9-BE35-F72D0807B843}"
	ProjectSection(SolutionItems) = preProject
		tests\Microservices.Net.postman_collection.json = tests\Microservices.Net.postman_collection.json
	EndProjectSection
EndProject
Project("{E53339B2-1760-4266-BCC7-CA923CBCF16C}") = "docker-compose", "docker-compose.dcproj", "{081F2B30-4364-4D0C-B6F9-7D79AA9A69C6}"
EndProject
Global
	GlobalSection(SolutionConfigurationPlatforms) = preSolution
		Debug|Any CPU = Debug|Any CPU
		Release|Any CPU = Release|Any CPU
	EndGlobalSection
	GlobalSection(ProjectConfigurationPlatforms) = postSolution
		{CA804CAA-BE33-4B12-ABFA-7E0355836EA6}.Debug|Any CPU.ActiveCfg = Debug|Any CPU
		{CA804CAA-BE33-4B12-ABFA-7E0355836EA6}.Debug|Any CPU.Build.0 = Debug|Any CPU
		{CA804CAA-BE33-4B12-ABFA-7E0355836EA6}.Release|Any CPU.ActiveCfg = Release|Any CPU
		{CA804CAA-BE33-4B12-ABFA-7E0355836EA6}.Release|Any CPU.Build.0 = Release|Any CPU
		{081F2B30-4364-4D0C-B6F9-7D79AA9A69C6}.Debug|Any CPU.ActiveCfg = Debug|Any CPU
		{081F2B30-4364-4D0C-B6F9-7D79AA9A69C6}.Debug|Any CPU.Build.0 = Debug|Any CPU
		{081F2B30-4364-4D0C-B6F9-7D79AA9A69C6}.Release|Any CPU.ActiveCfg = Release|Any CPU
		{081F2B30-4364-4D0C-B6F9-7D79AA9A69C6}.Release|Any CPU.Build.0 = Release|Any CPU
	EndGlobalSection
	GlobalSection(SolutionProperties) = preSolution
		HideSolutionNode = FALSE
	EndGlobalSection
	GlobalSection(NestedProjects) = preSolution
		{740C8B4A-B5B1-47D8-B965-F171A42E5F35} = {A1BC85D8-99EE-41B3-9B1A-3E5C4F4580D0}
		{42663281-7E6B-4833-A880-49FBECC153BD} = {A1BC85D8-99EE-41B3-9B1A-3E5C4F4580D0}
		{7DBB61CA-CFF9-4915-AD0C-FE54CFF85568} = {A1BC85D8-99EE-41B3-9B1A-3E5C4F4580D0}
		{45E592F8-E547-4726-BEC5-A9630B0E4016} = {42663281-7E6B-4833-A880-49FBECC153BD}
		{CA804CAA-BE33-4B12-ABFA-7E0355836EA6} = {45E592F8-E547-4726-BEC5-A9630B0E4016}
	EndGlobalSection
	GlobalSection(ExtensibilityGlobals) = postSolution
		SolutionGuid = {8D3F3FF8-B248-44CC-9879-3A109E89A522}
	EndGlobalSection
EndGlobal
