
Microsoft Visual Studio Solution File, Format Version 12.00
# Visual Studio Version 16
VisualStudioVersion = 16.0.30804.86
MinimumVisualStudioVersion = 10.0.40219.1
Project("{FAE04EC0-301F-11D3-BF4B-00C04F79EFBC}") = "EntityFrameworkCore", "EntityFrameworkCore\EntityFrameworkCore.csproj", "{8E9D9789-3835-4F29-A2D0-BEA4267A4138}"
EndProject
Global
	GlobalSection(SolutionConfigurationPlatforms) = preSolution
		Debug|Any CPU = Debug|Any CPU
		Release|Any CPU = Release|Any CPU
	EndGlobalSection
	GlobalSection(ProjectConfigurationPlatforms) = postSolution
		{8E9D9789-3835-4F29-A2D0-BEA4267A4138}.Debug|Any CPU.ActiveCfg = Debug|Any CPU
		{8E9D9789-3835-4F29-A2D0-BEA4267A4138}.Debug|Any CPU.Build.0 = Debug|Any CPU
		{8E9D9789-3835-4F29-A2D0-BEA4267A4138}.Release|Any CPU.ActiveCfg = Release|Any CPU
		{8E9D9789-3835-4F29-A2D0-BEA4267A4138}.Release|Any CPU.Build.0 = Release|Any CPU
	EndGlobalSection
	GlobalSection(SolutionProperties) = preSolution
		HideSolutionNode = FALSE
	EndGlobalSection
	GlobalSection(ExtensibilityGlobals) = postSolution
		SolutionGuid = {47A2A690-F109-4C92-A5E2-0631DB2D6D13}
	EndGlobalSection
EndGlobal
