
Microsoft Visual Studio Solution File, Format Version 12.00
# Visual Studio 15
VisualStudioVersion = 15.0.27130.2026
MinimumVisualStudioVersion = 10.0.40219.1
Project("{FAE04EC0-301F-11D3-BF4B-00C04F79EFBC}") = "BasicClasses", "BasicClasses\BasicClasses.csproj", "{D24C8F6B-5F05-48FF-995E-E5D34FBD4F06}"
EndProject
Global
	GlobalSection(SolutionConfigurationPlatforms) = preSolution
		Debug|Any CPU = Debug|Any CPU
		Release|Any CPU = Release|Any CPU
	EndGlobalSection
	GlobalSection(ProjectConfigurationPlatforms) = postSolution
		{D24C8F6B-5F05-48FF-995E-E5D34FBD4F06}.Debug|Any CPU.ActiveCfg = Debug|Any CPU
		{D24C8F6B-5F05-48FF-995E-E5D34FBD4F06}.Debug|Any CPU.Build.0 = Debug|Any CPU
		{D24C8F6B-5F05-48FF-995E-E5D34FBD4F06}.Release|Any CPU.ActiveCfg = Release|Any CPU
		{D24C8F6B-5F05-48FF-995E-E5D34FBD4F06}.Release|Any CPU.Build.0 = Release|Any CPU
	EndGlobalSection
	GlobalSection(SolutionProperties) = preSolution
		HideSolutionNode = FALSE
	EndGlobalSection
	GlobalSection(ExtensibilityGlobals) = postSolution
		SolutionGuid = {AA6923D2-B081-46F4-BA79-9C266B16A8C7}
	EndGlobalSection
EndGlobal
