
Microsoft Visual Studio Solution File, Format Version 12.00
# Visual Studio 15
VisualStudioVersion = 15.0.27130.2024
MinimumVisualStudioVersion = 10.0.40219.1
Project("{FAE04EC0-301F-11D3-BF4B-00C04F79EFBC}") = "Arrays", "Arrays\Arrays.csproj", "{13D6B89F-E8D8-4C6D-8FD9-062B418A1F7D}"
EndProject
Global
	GlobalSection(SolutionConfigurationPlatforms) = preSolution
		Debug|Any CPU = Debug|Any CPU
		Release|Any CPU = Release|Any CPU
	EndGlobalSection
	GlobalSection(ProjectConfigurationPlatforms) = postSolution
		{13D6B89F-E8D8-4C6D-8FD9-062B418A1F7D}.Debug|Any CPU.ActiveCfg = Debug|Any CPU
		{13D6B89F-E8D8-4C6D-8FD9-062B418A1F7D}.Debug|Any CPU.Build.0 = Debug|Any CPU
		{13D6B89F-E8D8-4C6D-8FD9-062B418A1F7D}.Release|Any CPU.ActiveCfg = Release|Any CPU
		{13D6B89F-E8D8-4C6D-8FD9-062B418A1F7D}.Release|Any CPU.Build.0 = Release|Any CPU
	EndGlobalSection
	GlobalSection(SolutionProperties) = preSolution
		HideSolutionNode = FALSE
	EndGlobalSection
	GlobalSection(ExtensibilityGlobals) = postSolution
		SolutionGuid = {33C86F9A-F93D-42D5-AA73-2F8B896F19AD}
	EndGlobalSection
EndGlobal
