
Microsoft Visual Studio Solution File, Format Version 12.00
# Visual Studio 15
VisualStudioVersion = 15.0.28010.2003
MinimumVisualStudioVersion = 10.0.40219.1
Project("{8BC9CEB8-8B4A-11D0-8D11-00A0C91BC942}") = "Blockchain", "Blackchain.vcxproj", "{607138FB-E399-405E-97C6-39749FB4B3DD}"
EndProject
Project("{8BC9CEB8-8B4A-11D0-8D11-00A0C91BC942}") = "Blockchain", "Blockchain.vcxproj", "{5AA24586-F65C-4594-82BA-B6F1777E13DE}"
EndProject
Global
	GlobalSection(SolutionConfigurationPlatforms) = preSolution
		Debug|x64 = Debug|x64
		Debug|x86 = Debug|x86
		Release|x64 = Release|x64
		Release|x86 = Release|x86
	EndGlobalSection
	GlobalSection(ProjectConfigurationPlatforms) = postSolution
		{607138FB-E399-405E-97C6-39749FB4B3DD}.Debug|x64.ActiveCfg = Debug|x64
		{607138FB-E399-405E-97C6-39749FB4B3DD}.Debug|x64.Build.0 = Debug|x64
		{607138FB-E399-405E-97C6-39749FB4B3DD}.Debug|x86.ActiveCfg = Debug|Win32
		{607138FB-E399-405E-97C6-39749FB4B3DD}.Debug|x86.Build.0 = Debug|Win32
		{607138FB-E399-405E-97C6-39749FB4B3DD}.Release|x64.ActiveCfg = Release|x64
		{607138FB-E399-405E-97C6-39749FB4B3DD}.Release|x64.Build.0 = Release|x64
		{607138FB-E399-405E-97C6-39749FB4B3DD}.Release|x86.ActiveCfg = Release|Win32
		{607138FB-E399-405E-97C6-39749FB4B3DD}.Release|x86.Build.0 = Release|Win32
		{5AA24586-F65C-4594-82BA-B6F1777E13DE}.Debug|x64.ActiveCfg = Debug|x64
		{5AA24586-F65C-4594-82BA-B6F1777E13DE}.Debug|x64.Build.0 = Debug|x64
		{5AA24586-F65C-4594-82BA-B6F1777E13DE}.Debug|x86.ActiveCfg = Debug|Win32
		{5AA24586-F65C-4594-82BA-B6F1777E13DE}.Debug|x86.Build.0 = Debug|Win32
		{5AA24586-F65C-4594-82BA-B6F1777E13DE}.Release|x64.ActiveCfg = Release|x64
		{5AA24586-F65C-4594-82BA-B6F1777E13DE}.Release|x64.Build.0 = Release|x64
		{5AA24586-F65C-4594-82BA-B6F1777E13DE}.Release|x86.ActiveCfg = Release|Win32
		{5AA24586-F65C-4594-82BA-B6F1777E13DE}.Release|x86.Build.0 = Release|Win32
	EndGlobalSection
	GlobalSection(SolutionProperties) = preSolution
		HideSolutionNode = FALSE
	EndGlobalSection
	GlobalSection(ExtensibilityGlobals) = postSolution
		SolutionGuid = {6610DA1B-0C65-4AAE-BE08-7FF451CD6881}
	EndGlobalSection
EndGlobal
